// !$*UTF8*$!
{
	archiveVersion = 1;
	classes = {
	};
	objectVersion = 50;
	objects = {

/* Begin PBXBuildFile section */
		5B0F54AA27BAEEAA0058CB27 /* M-PICEF.cpp in Sources */ = {isa = PBXBuildFile; fileRef = 5B0F54A927BAEEAA0058CB27 /* M-PICEF.cpp */; };
		5B2589BF25FFF02900708D26 /* main.cpp in Sources */ = {isa = PBXBuildFile; fileRef = 5B2589BE25FFF02900708D26 /* main.cpp */; };
		5B2589C725FFF0AC00708D26 /* CoreFoundation.framework in Frameworks */ = {isa = PBXBuildFile; fileRef = 5B2589C625FFF0AC00708D26 /* CoreFoundation.framework */; };
		5B2589C925FFF0B500708D26 /* IOKit.framework in Frameworks */ = {isa = PBXBuildFile; fileRef = 5B2589C825FFF0B500708D26 /* IOKit.framework */; };
		5B2589CB25FFF12800708D26 /* libconcert.a in Frameworks */ = {isa = PBXBuildFile; fileRef = 5B2589CA25FFF0F400708D26 /* libconcert.a */; };
		5B2589CD25FFF19B00708D26 /* libcplex.a in Frameworks */ = {isa = PBXBuildFile; fileRef = 5B2589CC25FFF16600708D26 /* libcplex.a */; };
		5B2589D025FFF1BD00708D26 /* libcplexdistmip.a in Frameworks */ = {isa = PBXBuildFile; fileRef = 5B2589CE25FFF19B00708D26 /* libcplexdistmip.a */; };
		5B2589D125FFF1F200708D26 /* libilocplex.a in Frameworks */ = {isa = PBXBuildFile; fileRef = 5B2589CF25FFF19B00708D26 /* libilocplex.a */; };
		5B2589D92600189500708D26 /* Class_Problem.cpp in Sources */ = {isa = PBXBuildFile; fileRef = 5B2589D72600189500708D26 /* Class_Problem.cpp */; };
		5B7F88B9273DA4F500F325D0 /* ThirdPhase.cpp in Sources */ = {isa = PBXBuildFile; fileRef = 5B7F88B7273DA4F500F325D0 /* ThirdPhase.cpp */; };
		5B7F88BC275AC32000F325D0 /* GrandSubproblem2.cpp in Sources */ = {isa = PBXBuildFile; fileRef = 5B7F88BA275AC31C00F325D0 /* GrandSubproblem2.cpp */; };
		5B808FEE270E00F600494C96 /* Dijkstra.cpp in Sources */ = {isa = PBXBuildFile; fileRef = 5B808FEC270E00F600494C96 /* Dijkstra.cpp */; };
		5B8E69302601592900DA8F8A /* Reading.cpp in Sources */ = {isa = PBXBuildFile; fileRef = 5B8E692F2601592900DA8F8A /* Reading.cpp */; };
		5B8E693326017DA500DA8F8A /* GrandProblem.cpp in Sources */ = {isa = PBXBuildFile; fileRef = 5B8E693126017DA500DA8F8A /* GrandProblem.cpp */; };
		5BF7A238260E5240000FB3E2 /* GrandSubproblem.cpp in Sources */ = {isa = PBXBuildFile; fileRef = 5BF7A236260E5240000FB3E2 /* GrandSubproblem.cpp */; };
/* End PBXBuildFile section */

/* Begin PBXCopyFilesBuildPhase section */
		5B2589B925FFF02900708D26 /* CopyFiles */ = {
			isa = PBXCopyFilesBuildPhase;
			buildActionMask = 2147483647;
			dstPath = /usr/share/man/man1/;
			dstSubfolderSpec = 0;
			files = (
			);
			runOnlyForDeploymentPostprocessing = 1;
		};
/* End PBXCopyFilesBuildPhase section */

/* Begin PBXFileReference section */
		5B0F54A827BAEEAA0058CB27 /* M-PICEF.hpp */ = {isa = PBXFileReference; fileEncoding = 4; lastKnownFileType = sourcecode.cpp.h; path = "M-PICEF.hpp"; sourceTree = "<group>"; };
		5B0F54A927BAEEAA0058CB27 /* M-PICEF.cpp */ = {isa = PBXFileReference; fileEncoding = 4; lastKnownFileType = sourcecode.cpp.cpp; path = "M-PICEF.cpp"; sourceTree = "<group>"; };
		5B2589BB25FFF02900708D26 /* DefenderAttackerDefender */ = {isa = PBXFileReference; explicitFileType = "compiled.mach-o.executable"; includeInIndex = 0; path = DefenderAttackerDefender; sourceTree = BUILT_PRODUCTS_DIR; };
		5B2589BE25FFF02900708D26 /* main.cpp */ = {isa = PBXFileReference; lastKnownFileType = sourcecode.cpp.cpp; path = main.cpp; sourceTree = "<group>"; };
		5B2589C625FFF0AC00708D26 /* CoreFoundation.framework */ = {isa = PBXFileReference; lastKnownFileType = wrapper.framework; name = CoreFoundation.framework; path = System/Library/Frameworks/CoreFoundation.framework; sourceTree = SDKROOT; };
		5B2589C825FFF0B500708D26 /* IOKit.framework */ = {isa = PBXFileReference; lastKnownFileType = wrapper.framework; name = IOKit.framework; path = System/Library/Frameworks/IOKit.framework; sourceTree = SDKROOT; };
		5B2589CA25FFF0F400708D26 /* libconcert.a */ = {isa = PBXFileReference; lastKnownFileType = archive.ar; name = libconcert.a; path = "../../../../../../Applications/CPLEX_Studio1210/concert/lib/x86-64_osx/static_pic/libconcert.a"; sourceTree = "<group>"; };
		5B2589CC25FFF16600708D26 /* libcplex.a */ = {isa = PBXFileReference; lastKnownFileType = archive.ar; name = libcplex.a; path = "../../../../../../Applications/CPLEX_Studio1210/cplex/lib/x86-64_osx/static_pic/libcplex.a"; sourceTree = "<group>"; };
		5B2589CE25FFF19B00708D26 /* libcplexdistmip.a */ = {isa = PBXFileReference; lastKnownFileType = archive.ar; name = libcplexdistmip.a; path = "../../../../../../Applications/CPLEX_Studio1210/cplex/lib/x86-64_osx/static_pic/libcplexdistmip.a"; sourceTree = "<group>"; };
		5B2589CF25FFF19B00708D26 /* libilocplex.a */ = {isa = PBXFileReference; lastKnownFileType = archive.ar; name = libilocplex.a; path = "../../../../../../Applications/CPLEX_Studio1210/cplex/lib/x86-64_osx/static_pic/libilocplex.a"; sourceTree = "<group>"; };
		5B2589D325FFFE4500708D26 /* main.hpp */ = {isa = PBXFileReference; lastKnownFileType = sourcecode.cpp.h; path = main.hpp; sourceTree = "<group>"; };
		5B2589D72600189500708D26 /* Class_Problem.cpp */ = {isa = PBXFileReference; lastKnownFileType = sourcecode.cpp.cpp; path = Class_Problem.cpp; sourceTree = "<group>"; };
		5B2589D82600189500708D26 /* Class_Problem.hpp */ = {isa = PBXFileReference; lastKnownFileType = sourcecode.cpp.h; path = Class_Problem.hpp; sourceTree = "<group>"; };
		5B7F88B7273DA4F500F325D0 /* ThirdPhase.cpp */ = {isa = PBXFileReference; lastKnownFileType = sourcecode.cpp.cpp; path = ThirdPhase.cpp; sourceTree = "<group>"; };
		5B7F88B8273DA4F500F325D0 /* ThirdPhase.hpp */ = {isa = PBXFileReference; lastKnownFileType = sourcecode.cpp.h; path = ThirdPhase.hpp; sourceTree = "<group>"; };
		5B7F88BA275AC31C00F325D0 /* GrandSubproblem2.cpp */ = {isa = PBXFileReference; lastKnownFileType = sourcecode.cpp.cpp; path = GrandSubproblem2.cpp; sourceTree = "<group>"; };
		5B7F88BB275AC31C00F325D0 /* GrandSubproblem2.hpp */ = {isa = PBXFileReference; lastKnownFileType = sourcecode.cpp.h; path = GrandSubproblem2.hpp; sourceTree = "<group>"; };
		5B808FEC270E00F600494C96 /* Dijkstra.cpp */ = {isa = PBXFileReference; lastKnownFileType = sourcecode.cpp.cpp; path = Dijkstra.cpp; sourceTree = "<group>"; };
		5B808FED270E00F600494C96 /* Dijkstra.hpp */ = {isa = PBXFileReference; lastKnownFileType = sourcecode.cpp.h; path = Dijkstra.hpp; sourceTree = "<group>"; };
		5B8E692E2601592900DA8F8A /* Reading.hpp */ = {isa = PBXFileReference; fileEncoding = 4; lastKnownFileType = sourcecode.cpp.h; path = Reading.hpp; sourceTree = "<group>"; };
		5B8E692F2601592900DA8F8A /* Reading.cpp */ = {isa = PBXFileReference; fileEncoding = 4; lastKnownFileType = sourcecode.cpp.cpp; path = Reading.cpp; sourceTree = "<group>"; };
		5B8E693126017DA500DA8F8A /* GrandProblem.cpp */ = {isa = PBXFileReference; lastKnownFileType = sourcecode.cpp.cpp; path = GrandProblem.cpp; sourceTree = "<group>"; };
		5B8E693226017DA500DA8F8A /* GrandProblem.hpp */ = {isa = PBXFileReference; lastKnownFileType = sourcecode.cpp.h; path = GrandProblem.hpp; sourceTree = "<group>"; };
		5BF7A236260E5240000FB3E2 /* GrandSubproblem.cpp */ = {isa = PBXFileReference; lastKnownFileType = sourcecode.cpp.cpp; path = GrandSubproblem.cpp; sourceTree = "<group>"; };
		5BF7A237260E5240000FB3E2 /* GrandSubproblem.hpp */ = {isa = PBXFileReference; lastKnownFileType = sourcecode.cpp.h; path = GrandSubproblem.hpp; sourceTree = "<group>"; };
/* End PBXFileReference section */

/* Begin PBXFrameworksBuildPhase section */
		5B2589B825FFF02900708D26 /* Frameworks */ = {
			isa = PBXFrameworksBuildPhase;
			buildActionMask = 2147483647;
			files = (
				5B2589CD25FFF19B00708D26 /* libcplex.a in Frameworks */,
				5B2589D125FFF1F200708D26 /* libilocplex.a in Frameworks */,
				5B2589C725FFF0AC00708D26 /* CoreFoundation.framework in Frameworks */,
				5B2589D025FFF1BD00708D26 /* libcplexdistmip.a in Frameworks */,
				5B2589CB25FFF12800708D26 /* libconcert.a in Frameworks */,
				5B2589C925FFF0B500708D26 /* IOKit.framework in Frameworks */,
			);
			runOnlyForDeploymentPostprocessing = 0;
		};
/* End PBXFrameworksBuildPhase section */

/* Begin PBXGroup section */
		5B2589B225FFF02900708D26 = {
			isa = PBXGroup;
			children = (
				5B2589BD25FFF02900708D26 /* DefenderAttackerDefender */,
				5B2589BC25FFF02900708D26 /* Products */,
				5B2589C525FFF0AC00708D26 /* Frameworks */,
			);
			sourceTree = "<group>";
		};
		5B2589BC25FFF02900708D26 /* Products */ = {
			isa = PBXGroup;
			children = (
				5B2589BB25FFF02900708D26 /* DefenderAttackerDefender */,
			);
			name = Products;
			sourceTree = "<group>";
		};
		5B2589BD25FFF02900708D26 /* DefenderAttackerDefender */ = {
			isa = PBXGroup;
			children = (
				5B2589BE25FFF02900708D26 /* main.cpp */,
				5B2589D325FFFE4500708D26 /* main.hpp */,
				5B2589D82600189500708D26 /* Class_Problem.hpp */,
				5B2589D72600189500708D26 /* Class_Problem.cpp */,
				5B8E692E2601592900DA8F8A /* Reading.hpp */,
				5B8E692F2601592900DA8F8A /* Reading.cpp */,
				5B8E693226017DA500DA8F8A /* GrandProblem.hpp */,
				5B8E693126017DA500DA8F8A /* GrandProblem.cpp */,
				5BF7A237260E5240000FB3E2 /* GrandSubproblem.hpp */,
				5BF7A236260E5240000FB3E2 /* GrandSubproblem.cpp */,
				5B7F88BB275AC31C00F325D0 /* GrandSubproblem2.hpp */,
				5B7F88BA275AC31C00F325D0 /* GrandSubproblem2.cpp */,
				5B7F88B8273DA4F500F325D0 /* ThirdPhase.hpp */,
				5B7F88B7273DA4F500F325D0 /* ThirdPhase.cpp */,
				5B808FED270E00F600494C96 /* Dijkstra.hpp */,
				5B808FEC270E00F600494C96 /* Dijkstra.cpp */,
				5B0F54A827BAEEAA0058CB27 /* M-PICEF.hpp */,
				5B0F54A927BAEEAA0058CB27 /* M-PICEF.cpp */,
			);
			path = DefenderAttackerDefender;
			sourceTree = "<group>";
		};
		5B2589C525FFF0AC00708D26 /* Frameworks */ = {
			isa = PBXGroup;
			children = (
				5B2589CE25FFF19B00708D26 /* libcplexdistmip.a */,
				5B2589CF25FFF19B00708D26 /* libilocplex.a */,
				5B2589CC25FFF16600708D26 /* libcplex.a */,
				5B2589CA25FFF0F400708D26 /* libconcert.a */,
				5B2589C825FFF0B500708D26 /* IOKit.framework */,
				5B2589C625FFF0AC00708D26 /* CoreFoundation.framework */,
			);
			name = Frameworks;
			sourceTree = "<group>";
		};
/* End PBXGroup section */

/* Begin PBXNativeTarget section */
		5B2589BA25FFF02900708D26 /* DefenderAttackerDefender */ = {
			isa = PBXNativeTarget;
			buildConfigurationList = 5B2589C225FFF02900708D26 /* Build configuration list for PBXNativeTarget "DefenderAttackerDefender" */;
			buildPhases = (
				5B2589B725FFF02900708D26 /* Sources */,
				5B2589B825FFF02900708D26 /* Frameworks */,
				5B2589B925FFF02900708D26 /* CopyFiles */,
			);
			buildRules = (
			);
			dependencies = (
			);
			name = DefenderAttackerDefender;
			productName = DefenderAttackerDefender;
			productReference = 5B2589BB25FFF02900708D26 /* DefenderAttackerDefender */;
			productType = "com.apple.product-type.tool";
		};
/* End PBXNativeTarget section */

/* Begin PBXProject section */
		5B2589B325FFF02900708D26 /* Project object */ = {
			isa = PBXProject;
			attributes = {
				LastUpgradeCheck = 1150;
				ORGANIZATIONNAME = "Carolina Riascos Alvarez";
				TargetAttributes = {
					5B2589BA25FFF02900708D26 = {
						CreatedOnToolsVersion = 11.5;
					};
				};
			};
			buildConfigurationList = 5B2589B625FFF02900708D26 /* Build configuration list for PBXProject "DefenderAttackerDefender" */;
			compatibilityVersion = "Xcode 9.3";
			developmentRegion = en;
			hasScannedForEncodings = 0;
			knownRegions = (
				en,
				Base,
			);
			mainGroup = 5B2589B225FFF02900708D26;
			productRefGroup = 5B2589BC25FFF02900708D26 /* Products */;
			projectDirPath = "";
			projectRoot = "";
			targets = (
				5B2589BA25FFF02900708D26 /* DefenderAttackerDefender */,
			);
		};
/* End PBXProject section */

/* Begin PBXSourcesBuildPhase section */
		5B2589B725FFF02900708D26 /* Sources */ = {
			isa = PBXSourcesBuildPhase;
			buildActionMask = 2147483647;
			files = (
				5B8E69302601592900DA8F8A /* Reading.cpp in Sources */,
				5B808FEE270E00F600494C96 /* Dijkstra.cpp in Sources */,
				5B7F88BC275AC32000F325D0 /* GrandSubproblem2.cpp in Sources */,
				5B7F88B9273DA4F500F325D0 /* ThirdPhase.cpp in Sources */,
				5B8E693326017DA500DA8F8A /* GrandProblem.cpp in Sources */,
				5B2589D92600189500708D26 /* Class_Problem.cpp in Sources */,
				5B2589BF25FFF02900708D26 /* main.cpp in Sources */,
				5B0F54AA27BAEEAA0058CB27 /* M-PICEF.cpp in Sources */,
				5BF7A238260E5240000FB3E2 /* GrandSubproblem.cpp in Sources */,
			);
			runOnlyForDeploymentPostprocessing = 0;
		};
/* End PBXSourcesBuildPhase section */

/* Begin XCBuildConfiguration section */
		5B2589C025FFF02900708D26 /* Debug */ = {
			isa = XCBuildConfiguration;
			buildSettings = {
				ALWAYS_SEARCH_USER_PATHS = NO;
				CLANG_ANALYZER_NONNULL = YES;
				CLANG_ANALYZER_NUMBER_OBJECT_CONVERSION = YES_AGGRESSIVE;
				CLANG_CXX_LANGUAGE_STANDARD = "gnu++14";
				CLANG_CXX_LIBRARY = "libc++";
				CLANG_ENABLE_MODULES = YES;
				CLANG_ENABLE_OBJC_ARC = YES;
				CLANG_ENABLE_OBJC_WEAK = YES;
				CLANG_WARN_BLOCK_CAPTURE_AUTORELEASING = YES;
				CLANG_WARN_BOOL_CONVERSION = YES;
				CLANG_WARN_COMMA = YES;
				CLANG_WARN_CONSTANT_CONVERSION = YES;
				CLANG_WARN_DEPRECATED_OBJC_IMPLEMENTATIONS = YES;
				CLANG_WARN_DIRECT_OBJC_ISA_USAGE = YES_ERROR;
				CLANG_WARN_DOCUMENTATION_COMMENTS = YES;
				CLANG_WARN_EMPTY_BODY = YES;
				CLANG_WARN_ENUM_CONVERSION = YES;
				CLANG_WARN_INFINITE_RECURSION = YES;
				CLANG_WARN_INT_CONVERSION = YES;
				CLANG_WARN_NON_LITERAL_NULL_CONVERSION = YES;
				CLANG_WARN_OBJC_IMPLICIT_RETAIN_SELF = YES;
				CLANG_WARN_OBJC_LITERAL_CONVERSION = YES;
				CLANG_WARN_OBJC_ROOT_CLASS = YES_ERROR;
				CLANG_WARN_RANGE_LOOP_ANALYSIS = YES;
				CLANG_WARN_STRICT_PROTOTYPES = YES;
				CLANG_WARN_SUSPICIOUS_MOVE = YES;
				CLANG_WARN_UNGUARDED_AVAILABILITY = YES_AGGRESSIVE;
				CLANG_WARN_UNREACHABLE_CODE = YES;
				CLANG_WARN__DUPLICATE_METHOD_MATCH = YES;
				COPY_PHASE_STRIP = NO;
				DEBUG_INFORMATION_FORMAT = dwarf;
				ENABLE_STRICT_OBJC_MSGSEND = YES;
				ENABLE_TESTABILITY = YES;
				GCC_C_LANGUAGE_STANDARD = gnu11;
				GCC_DYNAMIC_NO_PIC = NO;
				GCC_NO_COMMON_BLOCKS = YES;
				GCC_OPTIMIZATION_LEVEL = 0;
				GCC_PREPROCESSOR_DEFINITIONS = (
					"DEBUG=1",
					"$(inherited)",
				);
				GCC_WARN_64_TO_32_BIT_CONVERSION = YES;
				GCC_WARN_ABOUT_RETURN_TYPE = YES_ERROR;
				GCC_WARN_UNDECLARED_SELECTOR = YES;
				GCC_WARN_UNINITIALIZED_AUTOS = YES_AGGRESSIVE;
				GCC_WARN_UNUSED_FUNCTION = YES;
				GCC_WARN_UNUSED_VARIABLE = YES;
				MACOSX_DEPLOYMENT_TARGET = 10.15;
				MTL_ENABLE_DEBUG_INFO = INCLUDE_SOURCE;
				MTL_FAST_MATH = YES;
				ONLY_ACTIVE_ARCH = YES;
				SDKROOT = macosx;
			};
			name = Debug;
		};
		5B2589C125FFF02900708D26 /* Release */ = {
			isa = XCBuildConfiguration;
			buildSettings = {
				ALWAYS_SEARCH_USER_PATHS = NO;
				CLANG_ANALYZER_NONNULL = YES;
				CLANG_ANALYZER_NUMBER_OBJECT_CONVERSION = YES_AGGRESSIVE;
				CLANG_CXX_LANGUAGE_STANDARD = "gnu++14";
				CLANG_CXX_LIBRARY = "libc++";
				CLANG_ENABLE_MODULES = YES;
				CLANG_ENABLE_OBJC_ARC = YES;
				CLANG_ENABLE_OBJC_WEAK = YES;
				CLANG_WARN_BLOCK_CAPTURE_AUTORELEASING = YES;
				CLANG_WARN_BOOL_CONVERSION = YES;
				CLANG_WARN_COMMA = YES;
				CLANG_WARN_CONSTANT_CONVERSION = YES;
				CLANG_WARN_DEPRECATED_OBJC_IMPLEMENTATIONS = YES;
				CLANG_WARN_DIRECT_OBJC_ISA_USAGE = YES_ERROR;
				CLANG_WARN_DOCUMENTATION_COMMENTS = YES;
				CLANG_WARN_EMPTY_BODY = YES;
				CLANG_WARN_ENUM_CONVERSION = YES;
				CLANG_WARN_INFINITE_RECURSION = YES;
				CLANG_WARN_INT_CONVERSION = YES;
				CLANG_WARN_NON_LITERAL_NULL_CONVERSION = YES;
				CLANG_WARN_OBJC_IMPLICIT_RETAIN_SELF = YES;
				CLANG_WARN_OBJC_LITERAL_CONVERSION = YES;
				CLANG_WARN_OBJC_ROOT_CLASS = YES_ERROR;
				CLANG_WARN_RANGE_LOOP_ANALYSIS = YES;
				CLANG_WARN_STRICT_PROTOTYPES = YES;
				CLANG_WARN_SUSPICIOUS_MOVE = YES;
				CLANG_WARN_UNGUARDED_AVAILABILITY = YES_AGGRESSIVE;
				CLANG_WARN_UNREACHABLE_CODE = YES;
				CLANG_WARN__DUPLICATE_METHOD_MATCH = YES;
				COPY_PHASE_STRIP = NO;
				DEBUG_INFORMATION_FORMAT = "dwarf-with-dsym";
				ENABLE_NS_ASSERTIONS = NO;
				ENABLE_STRICT_OBJC_MSGSEND = YES;
				GCC_C_LANGUAGE_STANDARD = gnu11;
				GCC_NO_COMMON_BLOCKS = YES;
				GCC_WARN_64_TO_32_BIT_CONVERSION = YES;
				GCC_WARN_ABOUT_RETURN_TYPE = YES_ERROR;
				GCC_WARN_UNDECLARED_SELECTOR = YES;
				GCC_WARN_UNINITIALIZED_AUTOS = YES_AGGRESSIVE;
				GCC_WARN_UNUSED_FUNCTION = YES;
				GCC_WARN_UNUSED_VARIABLE = YES;
				MACOSX_DEPLOYMENT_TARGET = 10.15;
				MTL_ENABLE_DEBUG_INFO = NO;
				MTL_FAST_MATH = YES;
				SDKROOT = macosx;
			};
			name = Release;
		};
		5B2589C325FFF02900708D26 /* Debug */ = {
			isa = XCBuildConfiguration;
			buildSettings = {
				CODE_SIGN_STYLE = Automatic;
				HEADER_SEARCH_PATHS = (
					/Applications/CPLEX_Studio201/cplex/include,
					/Applications/CPLEX_Studio201/concert/include,
				);
				LIBRARY_SEARCH_PATHS = (
					"/Applications/CPLEX_Studio201/cplex/lib/x86-64_osx/static_pic",
					"/Applications/CPLEX_Studio201/concert/lib/x86-64_osx/static_pic",
				);
				OTHER_CPLUSPLUSFLAGS = "-DIL_STD";
				PRODUCT_NAME = "$(TARGET_NAME)";
			};
			name = Debug;
		};
		5B2589C425FFF02900708D26 /* Release */ = {
			isa = XCBuildConfiguration;
			buildSettings = {
				CODE_SIGN_STYLE = Automatic;
				HEADER_SEARCH_PATHS = (
					/Applications/CPLEX_Studio201/cplex/include,
					/Applications/CPLEX_Studio201/concert/include,
				);
				LIBRARY_SEARCH_PATHS = (
					"/Applications/CPLEX_Studio201/cplex/lib/x86-64_osx/static_pic",
					"/Applications/CPLEX_Studio201/concert/lib/x86-64_osx/static_pic",
				);
				OTHER_CPLUSPLUSFLAGS = "-DIL_STD";
				PRODUCT_NAME = "$(TARGET_NAME)";
			};
			name = Release;
		};
/* End XCBuildConfiguration section */

/* Begin XCConfigurationList section */
		5B2589B625FFF02900708D26 /* Build configuration list for PBXProject "DefenderAttackerDefender" */ = {
			isa = XCConfigurationList;
			buildConfigurations = (
				5B2589C025FFF02900708D26 /* Debug */,
				5B2589C125FFF02900708D26 /* Release */,
			);
			defaultConfigurationIsVisible = 0;
			defaultConfigurationName = Release;
		};
		5B2589C225FFF02900708D26 /* Build configuration list for PBXNativeTarget "DefenderAttackerDefender" */ = {
			isa = XCConfigurationList;
			buildConfigurations = (
				5B2589C325FFF02900708D26 /* Debug */,
				5B2589C425FFF02900708D26 /* Release */,
			);
			defaultConfigurationIsVisible = 0;
			defaultConfigurationName = Release;
		};
/* End XCConfigurationList section */
	};
	rootObject = 5B2589B325FFF02900708D26 /* Project object */;
}
